
Microsoft Visual Studio Solution File, Format Version 12.00
# Visual Studio Version 16
VisualStudioVersion = 16.0.31105.61
MinimumVisualStudioVersion = 10.0.40219.1
Project("{FAE04EC0-301F-11D3-BF4B-00C04F79EFBC}") = "ViewModelGeneratorSampleNetCore", "Net 5\ViewModelGeneratorSampleNetCore.csproj", "{10943A92-BC9A-47EF-B984-544BF2AC4FBE}"
EndProject
Project("{FAE04EC0-301F-11D3-BF4B-00C04F79EFBC}") = "ViewModelGeneratorSampleFramework", "Framework 4.6.1\ViewModelGeneratorSampleFramework.csproj", "{474C7552-36A3-4E49-99B6-735D8C5D8B0F}"
EndProject
Global
	GlobalSection(SolutionConfigurationPlatforms) = preSolution
		Debug|Any CPU = Debug|Any CPU
		Release|Any CPU = Release|Any CPU
	EndGlobalSection
	GlobalSection(ProjectConfigurationPlatforms) = postSolution
		{10943A92-BC9A-47EF-B984-544BF2AC4FBE}.Debug|Any CPU.ActiveCfg = Debug|Any CPU
		{10943A92-BC9A-47EF-B984-544BF2AC4FBE}.Debug|Any CPU.Build.0 = Debug|Any CPU
		{10943A92-BC9A-47EF-B984-544BF2AC4FBE}.Release|Any CPU.ActiveCfg = Release|Any CPU
		{10943A92-BC9A-47EF-B984-544BF2AC4FBE}.Release|Any CPU.Build.0 = Release|Any CPU
		{474C7552-36A3-4E49-99B6-735D8C5D8B0F}.Debug|Any CPU.ActiveCfg = Debug|Any CPU
		{474C7552-36A3-4E49-99B6-735D8C5D8B0F}.Debug|Any CPU.Build.0 = Debug|Any CPU
		{474C7552-36A3-4E49-99B6-735D8C5D8B0F}.Release|Any CPU.ActiveCfg = Release|Any CPU
		{474C7552-36A3-4E49-99B6-735D8C5D8B0F}.Release|Any CPU.Build.0 = Release|Any CPU
	EndGlobalSection
	GlobalSection(SolutionProperties) = preSolution
		HideSolutionNode = FALSE
	EndGlobalSection
	GlobalSection(ExtensibilityGlobals) = postSolution
		SolutionGuid = {8CFBEC8F-968C-4692-8ECF-C7BA4C1DB80B}
	EndGlobalSection
EndGlobal
